
Microsoft Visual Studio Solution File, Format Version 12.00
# Visual Studio Version 17
VisualStudioVersion = 17.14.36603.0
MinimumVisualStudioVersion = 10.0.40219.1
Project("{FAE04EC0-301F-11D3-BF4B-00C04F79EFBC}") = "NoSvgMRE", "NoSvgMRE.csproj", "{84EE188D-D265-4A40-9AEA-FB473A6C4986}"
EndProject
Global
	GlobalSection(SolutionConfigurationPlatforms) = preSolution
		Debug|Any CPU = Debug|Any CPU
		Release|Any CPU = Release|Any CPU
	EndGlobalSection
	GlobalSection(ProjectConfigurationPlatforms) = postSolution
		{84EE188D-D265-4A40-9AEA-FB473A6C4986}.Debug|Any CPU.ActiveCfg = Debug|Any CPU
		{84EE188D-D265-4A40-9AEA-FB473A6C4986}.Debug|Any CPU.Build.0 = Debug|Any CPU
		{84EE188D-D265-4A40-9AEA-FB473A6C4986}.Release|Any CPU.ActiveCfg = Release|Any CPU
		{84EE188D-D265-4A40-9AEA-FB473A6C4986}.Release|Any CPU.Build.0 = Release|Any CPU
	EndGlobalSection
	GlobalSection(SolutionProperties) = preSolution
		HideSolutionNode = FALSE
	EndGlobalSection
	GlobalSection(ExtensibilityGlobals) = postSolution
		SolutionGuid = {D13168EE-0179-4C7D-8989-CA7FB8C4D435}
	EndGlobalSection
EndGlobal
